
Microsoft Visual Studio Solution File, Format Version 12.00
# Visual Studio 14
VisualStudioVersion = 14.0.25420.1
MinimumVisualStudioVersion = 10.0.40219.1
Project("{FAE04EC0-301F-11D3-BF4B-00C04F79EFBC}") = "M10Service", "M10Service\M10Service.csproj", "{3088FF9F-E249-4A71-8451-22B5D45B38B7}"
EndProject
Project("{FAE04EC0-301F-11D3-BF4B-00C04F79EFBC}") = "DAL", "CLDataAccessLayer\DAL.csproj", "{F4CA59ED-2026-4AF8-A343-456399D87676}"
EndProject
Project("{FAE04EC0-301F-11D3-BF4B-00C04F79EFBC}") = "M10Winform", "M10Winform\M10Winform.csproj", "{8993E99B-9361-4AAA-9BEC-786D2B5F1F53}"
EndProject
Project("{FAE04EC0-301F-11D3-BF4B-00C04F79EFBC}") = "M10Web", "M10Web\M10Web.csproj", "{0EF9B810-8EB1-43C7-8470-9C5A5C856002}"
EndProject
Project("{FAE04EC0-301F-11D3-BF4B-00C04F79EFBC}") = "M10CalRtiDetail", "M10CalRtiDetail\M10CalRtiDetail.csproj", "{6DC67567-F852-431E-84BB-7410CEC73167}"
EndProject
Project("{FAE04EC0-301F-11D3-BF4B-00C04F79EFBC}") = "M10AlertLRTI", "M10AlertLRTI\M10AlertLRTI.csproj", "{7A157FC2-9C67-4F58-8BAE-9BBBFB44B829}"
EndProject
Project("{FAE04EC0-301F-11D3-BF4B-00C04F79EFBC}") = "DhoePortal", "DhoePortal\DhoePortal.csproj", "{AF7738E1-AED2-4D48-8CEF-F33C62722E50}"
EndProject
Project("{FAE04EC0-301F-11D3-BF4B-00C04F79EFBC}") = "M10_XmlArrange", "M10_XmlArrange\M10_XmlArrange.csproj", "{C7F258C4-4FAA-4D81-A277-D50B30331F12}"
EndProject
Project("{FAE04EC0-301F-11D3-BF4B-00C04F79EFBC}") = "M10Api", "M10Api\M10Api.csproj", "{2A0962C9-97BB-4FB0-82E6-99D2EA1D79B2}"
	ProjectSection(ProjectDependencies) = postProject
		{255CE420-3148-456C-8492-461027AFE9F8} = {255CE420-3148-456C-8492-461027AFE9F8}
	EndProjectSection
EndProject
Project("{FAE04EC0-301F-11D3-BF4B-00C04F79EFBC}") = "M10.lib", "M10.lib\M10.lib.csproj", "{255CE420-3148-456C-8492-461027AFE9F8}"
EndProject
Project("{FAE04EC0-301F-11D3-BF4B-00C04F79EFBC}") = "DhoeMvc", "DhoeMvc\DhoeMvc.csproj", "{3D720C27-8BB0-4716-8685-9B1A73503F6D}"
EndProject
Project("{FAE04EC0-301F-11D3-BF4B-00C04F79EFBC}") = "M10Tools", "M10Tools\M10Tools.csproj", "{BB1E6D8F-CCAD-4783-B77E-7E761F6F372F}"
EndProject
Project("{FAE04EC0-301F-11D3-BF4B-00C04F79EFBC}") = "C10Mvc", "C10Mvc\C10Mvc.csproj", "{6B4249D7-0B27-4FFD-BCCA-9B7495F166D7}"
EndProject
Global
	GlobalSection(SolutionConfigurationPlatforms) = preSolution
		Debug|Any CPU = Debug|Any CPU
		Release|Any CPU = Release|Any CPU
	EndGlobalSection
	GlobalSection(ProjectConfigurationPlatforms) = postSolution
		{3088FF9F-E249-4A71-8451-22B5D45B38B7}.Debug|Any CPU.ActiveCfg = Debug|Any CPU
		{3088FF9F-E249-4A71-8451-22B5D45B38B7}.Release|Any CPU.ActiveCfg = Release|Any CPU
		{3088FF9F-E249-4A71-8451-22B5D45B38B7}.Release|Any CPU.Build.0 = Release|Any CPU
		{F4CA59ED-2026-4AF8-A343-456399D87676}.Debug|Any CPU.ActiveCfg = Debug|Any CPU
		{F4CA59ED-2026-4AF8-A343-456399D87676}.Debug|Any CPU.Build.0 = Debug|Any CPU
		{F4CA59ED-2026-4AF8-A343-456399D87676}.Release|Any CPU.ActiveCfg = Release|Any CPU
		{F4CA59ED-2026-4AF8-A343-456399D87676}.Release|Any CPU.Build.0 = Release|Any CPU
		{8993E99B-9361-4AAA-9BEC-786D2B5F1F53}.Debug|Any CPU.ActiveCfg = Debug|Any CPU
		{8993E99B-9361-4AAA-9BEC-786D2B5F1F53}.Debug|Any CPU.Build.0 = Debug|Any CPU
		{8993E99B-9361-4AAA-9BEC-786D2B5F1F53}.Release|Any CPU.ActiveCfg = Release|Any CPU
		{8993E99B-9361-4AAA-9BEC-786D2B5F1F53}.Release|Any CPU.Build.0 = Release|Any CPU
		{0EF9B810-8EB1-43C7-8470-9C5A5C856002}.Debug|Any CPU.ActiveCfg = Debug|Any CPU
		{0EF9B810-8EB1-43C7-8470-9C5A5C856002}.Debug|Any CPU.Build.0 = Debug|Any CPU
		{0EF9B810-8EB1-43C7-8470-9C5A5C856002}.Release|Any CPU.ActiveCfg = Release|Any CPU
		{0EF9B810-8EB1-43C7-8470-9C5A5C856002}.Release|Any CPU.Build.0 = Release|Any CPU
		{6DC67567-F852-431E-84BB-7410CEC73167}.Debug|Any CPU.ActiveCfg = Debug|Any CPU
		{6DC67567-F852-431E-84BB-7410CEC73167}.Debug|Any CPU.Build.0 = Debug|Any CPU
		{6DC67567-F852-431E-84BB-7410CEC73167}.Release|Any CPU.ActiveCfg = Release|Any CPU
		{6DC67567-F852-431E-84BB-7410CEC73167}.Release|Any CPU.Build.0 = Release|Any CPU
		{7A157FC2-9C67-4F58-8BAE-9BBBFB44B829}.Debug|Any CPU.ActiveCfg = Debug|Any CPU
		{7A157FC2-9C67-4F58-8BAE-9BBBFB44B829}.Debug|Any CPU.Build.0 = Debug|Any CPU
		{7A157FC2-9C67-4F58-8BAE-9BBBFB44B829}.Release|Any CPU.ActiveCfg = Release|Any CPU
		{7A157FC2-9C67-4F58-8BAE-9BBBFB44B829}.Release|Any CPU.Build.0 = Release|Any CPU
		{AF7738E1-AED2-4D48-8CEF-F33C62722E50}.Debug|Any CPU.ActiveCfg = Debug|Any CPU
		{AF7738E1-AED2-4D48-8CEF-F33C62722E50}.Debug|Any CPU.Build.0 = Debug|Any CPU
		{AF7738E1-AED2-4D48-8CEF-F33C62722E50}.Release|Any CPU.ActiveCfg = Release|Any CPU
		{AF7738E1-AED2-4D48-8CEF-F33C62722E50}.Release|Any CPU.Build.0 = Release|Any CPU
		{C7F258C4-4FAA-4D81-A277-D50B30331F12}.Debug|Any CPU.ActiveCfg = Debug|Any CPU
		{C7F258C4-4FAA-4D81-A277-D50B30331F12}.Debug|Any CPU.Build.0 = Debug|Any CPU
		{C7F258C4-4FAA-4D81-A277-D50B30331F12}.Release|Any CPU.ActiveCfg = Release|Any CPU
		{C7F258C4-4FAA-4D81-A277-D50B30331F12}.Release|Any CPU.Build.0 = Release|Any CPU
		{2A0962C9-97BB-4FB0-82E6-99D2EA1D79B2}.Debug|Any CPU.ActiveCfg = Debug|Any CPU
		{2A0962C9-97BB-4FB0-82E6-99D2EA1D79B2}.Debug|Any CPU.Build.0 = Debug|Any CPU
		{2A0962C9-97BB-4FB0-82E6-99D2EA1D79B2}.Release|Any CPU.ActiveCfg = Release|Any CPU
		{2A0962C9-97BB-4FB0-82E6-99D2EA1D79B2}.Release|Any CPU.Build.0 = Release|Any CPU
		{255CE420-3148-456C-8492-461027AFE9F8}.Debug|Any CPU.ActiveCfg = Debug|Any CPU
		{255CE420-3148-456C-8492-461027AFE9F8}.Debug|Any CPU.Build.0 = Debug|Any CPU
		{255CE420-3148-456C-8492-461027AFE9F8}.Release|Any CPU.ActiveCfg = Release|Any CPU
		{255CE420-3148-456C-8492-461027AFE9F8}.Release|Any CPU.Build.0 = Release|Any CPU
		{3D720C27-8BB0-4716-8685-9B1A73503F6D}.Debug|Any CPU.ActiveCfg = Debug|Any CPU
		{3D720C27-8BB0-4716-8685-9B1A73503F6D}.Debug|Any CPU.Build.0 = Debug|Any CPU
		{3D720C27-8BB0-4716-8685-9B1A73503F6D}.Release|Any CPU.ActiveCfg = Release|Any CPU
		{3D720C27-8BB0-4716-8685-9B1A73503F6D}.Release|Any CPU.Build.0 = Release|Any CPU
		{BB1E6D8F-CCAD-4783-B77E-7E761F6F372F}.Debug|Any CPU.ActiveCfg = Debug|Any CPU
		{BB1E6D8F-CCAD-4783-B77E-7E761F6F372F}.Debug|Any CPU.Build.0 = Debug|Any CPU
		{BB1E6D8F-CCAD-4783-B77E-7E761F6F372F}.Release|Any CPU.ActiveCfg = Release|Any CPU
		{BB1E6D8F-CCAD-4783-B77E-7E761F6F372F}.Release|Any CPU.Build.0 = Release|Any CPU
		{6B4249D7-0B27-4FFD-BCCA-9B7495F166D7}.Debug|Any CPU.ActiveCfg = Debug|Any CPU
		{6B4249D7-0B27-4FFD-BCCA-9B7495F166D7}.Debug|Any CPU.Build.0 = Debug|Any CPU
		{6B4249D7-0B27-4FFD-BCCA-9B7495F166D7}.Release|Any CPU.ActiveCfg = Release|Any CPU
		{6B4249D7-0B27-4FFD-BCCA-9B7495F166D7}.Release|Any CPU.Build.0 = Release|Any CPU
	EndGlobalSection
	GlobalSection(SolutionProperties) = preSolution
		HideSolutionNode = FALSE
	EndGlobalSection
EndGlobal
